
Microsoft Visual Studio Solution File, Format Version 12.00
# Visual Studio Version 17
VisualStudioVersion = 17.3.32811.315
MinimumVisualStudioVersion = 10.0.40219.1
Project("{FAE04EC0-301F-11D3-BF4B-00C04F79EFBC}") = "WinForms-Homework-2_Questionnaire", "WinForms-Homework-2_Questionnaire\WinForms-Homework-2_Questionnaire.csproj", "{BEC4FB7B-88A5-443C-AC1B-15A0F3C80FDE}"
EndProject
Global
	GlobalSection(SolutionConfigurationPlatforms) = preSolution
		Debug|Any CPU = Debug|Any CPU
		Release|Any CPU = Release|Any CPU
	EndGlobalSection
	GlobalSection(ProjectConfigurationPlatforms) = postSolution
		{BEC4FB7B-88A5-443C-AC1B-15A0F3C80FDE}.Debug|Any CPU.ActiveCfg = Debug|Any CPU
		{BEC4FB7B-88A5-443C-AC1B-15A0F3C80FDE}.Debug|Any CPU.Build.0 = Debug|Any CPU
		{BEC4FB7B-88A5-443C-AC1B-15A0F3C80FDE}.Release|Any CPU.ActiveCfg = Release|Any CPU
		{BEC4FB7B-88A5-443C-AC1B-15A0F3C80FDE}.Release|Any CPU.Build.0 = Release|Any CPU
	EndGlobalSection
	GlobalSection(SolutionProperties) = preSolution
		HideSolutionNode = FALSE
	EndGlobalSection
	GlobalSection(ExtensibilityGlobals) = postSolution
		SolutionGuid = {3ACB6100-EAB9-4D40-8575-1BAF1E79E4C1}
	EndGlobalSection
EndGlobal
